# This file is autogenerated, do not edit; changes may be undone by the next 'dep ensure'.


[[projects]]
  branch = "master"
  name = "github.com/bborbe/assert"
  packages = ["."]
  revision = "765570a0aaf5913880d33fee2dd7e4c52b294021"

[[projects]]
  branch = "master"
  name = "github.com/bborbe/io"
  packages = [
    ".",
    "file_writer",
    "reader_shadow_copy",
    "util"
  ]
  revision = "8c22cf733cf166b247318b0786eec0c7cad9208a"

[[projects]]
  branch = "master"
  name = "github.com/golang/glog"
  packages = ["."]
  revision = "23def4e6c14b4da8ac2ed8007337bc5eb5007998"

[solve-meta]
  analyzer-name = "dep"
  analyzer-version = 1
  inputs-digest = "16fb078ef242fabc901126071984c503f025eeb4737432f49e158235609ca565"
  solver-name = "gps-cdcl"
  solver-version = 1
